Microsoft Visual Studio Solution File, Format Version 12.00
# Visual Studio 2012
Project("{2150E333-8FDC-42A3-9474-1A3956D46DE8}") = "common", "common", "{F5DA01B8-E06A-4E4F-85A1-5972C22842FA}"
EndProject
Project("{8BC9CEB8-8B4A-11D0-8D11-00A0C91BC942}") = "ComService", "common\ComService\ComService.vcxproj", "{48A17E45-3F15-4ACC-92DE-DA57DA6C360B}"
EndProject
Project("{2150E333-8FDC-42A3-9474-1A3956D46DE8}") = "server", "server", "{77B0F024-3BCC-425A-8B9E-32F520F80944}"
EndProject
Project("{8BC9CEB8-8B4A-11D0-8D11-00A0C91BC942}") = "KernelEngine", "server\KernelEngine\KernelEngine.vcxproj", "{F5D6B929-08E3-43DA-9F39-941A859B3FD8}"
EndProject
Project("{8BC9CEB8-8B4A-11D0-8D11-00A0C91BC942}") = "LogonServer", "server\LogonServer\LogonServer.vcxproj", "{D1D26E10-3E7E-4A5D-B614-8E03ADC03F79}"
EndProject
Project("{8BC9CEB8-8B4A-11D0-8D11-00A0C91BC942}") = "CenterServer", "server\CenterServer\CenterServer.vcxproj", "{9DF6C624-2D4E-478F-B2CF-A956361A93FC}"
EndProject
Project("{8BC9CEB8-8B4A-11D0-8D11-00A0C91BC942}") = "ListService", "server\ListService\ListService.vcxproj", "{877DA7B2-2C4E-40A5-9F28-EC1BFD6DEAAD}"
EndProject
Project("{8BC9CEB8-8B4A-11D0-8D11-00A0C91BC942}") = "GameService", "server\GameService\GameService.vcxproj", "{FEF1A495-AD07-4584-B4FB-044B4E003C3E}"
EndProject
Project("{8BC9CEB8-8B4A-11D0-8D11-00A0C91BC942}") = "GameServer", "server\GameServer\GameServer.vcxproj", "{9D4508DE-DC73-4396-B6F7-A35F87F6BEE2}"
EndProject
Project("{2150E333-8FDC-42A3-9474-1A3956D46DE8}") = "client", "client", "{EFCC878D-D91A-4CA5-861A-0D03A488859C}"
EndProject
Project("{8BC9CEB8-8B4A-11D0-8D11-00A0C91BC942}") = "SkinControls", "client\SkinControls\SkinControls.vcxproj", "{9580A9BA-2C2C-4359-852C-FD627732BF1D}"
EndProject
Project("{8BC9CEB8-8B4A-11D0-8D11-00A0C91BC942}") = "SkinResource", "client\SkinResource\SkinResource.vcxproj", "{1C2AF6C9-6787-41D2-8281-BCCEFBB46768}"
EndProject
Project("{2150E333-8FDC-42A3-9474-1A3956D46DE8}") = "common", "common", "{FAC2E685-7713-43EF-B4A3-F46D215A9DA2}"
EndProject
Project("{2150E333-8FDC-42A3-9474-1A3956D46DE8}") = "common", "common", "{00DE3D9B-0CD8-4E39-A40A-690C13145B7E}"
EndProject
Project("{2150E333-8FDC-42A3-9474-1A3956D46DE8}") = "exec", "exec", "{4A015EF9-01E9-4F42-95F2-40048DFE2970}"
EndProject
Project("{8BC9CEB8-8B4A-11D0-8D11-00A0C91BC942}") = "ClientShare", "client\ClientShare\ClientShare.vcxproj", "{1E98C5E5-A9BF-46C7-B57D-559A56EAD344}"
EndProject
Project("{8BC9CEB8-8B4A-11D0-8D11-00A0C91BC942}") = "UserFace", "client\UserFace\UserFace.vcxproj", "{8CE76226-A39A-465A-9F91-BD20607AF671}"
EndProject
Project("{8BC9CEB8-8B4A-11D0-8D11-00A0C91BC942}") = "GameFrame", "client\GameFrame\GameFrame.vcxproj", "{D6452141-70F6-4857-8D60-AF2485F75A40}"
EndProject
Project("{8BC9CEB8-8B4A-11D0-8D11-00A0C91BC942}") = "PropertyModule", "client\PropertyModule\PropertyModule.vcxproj", "{3BA56C8D-483F-4FAF-8EB6-716D05293A0B}"
EndProject
Project("{8BC9CEB8-8B4A-11D0-8D11-00A0C91BC942}") = "NetworkService", "common\NetworkService\NetworkService.vcxproj", "{47336C1F-6B34-4512-B00B-7F0FA2A74565}"
EndProject
Project("{8BC9CEB8-8B4A-11D0-8D11-00A0C91BC942}") = "ChannelModule", "client\ChannelModule\ChannelModule.vcxproj", "{0D9684CE-A441-4D80-B449-C3AE8281C93B}"
EndProject
Project("{8BC9CEB8-8B4A-11D0-8D11-00A0C91BC942}") = "VideoService", "client\VideoService\VideoService.vcxproj", "{C2D6B50F-273E-4437-AE5C-9F0E4FD962B0}"
EndProject
Project("{2150E333-8FDC-42A3-9474-1A3956D46DE8}") = "frame", "frame", "{469297A5-B19D-466E-9D0F-53D95EDE2C58}"
EndProject
Project("{8BC9CEB8-8B4A-11D0-8D11-00A0C91BC942}") = "GameRank", "client\GameRank\GameRank.vcxproj", "{974DE662-8429-45CB-8497-0E460405D84C}"
EndProject
Project("{8BC9CEB8-8B4A-11D0-8D11-00A0C91BC942}") = "Companion", "client\Companion\Companion.vcxproj", "{43AEAD92-A098-44B9-9CCF-61AB672D2098}"
EndProject
Project("{8BC9CEB8-8B4A-11D0-8D11-00A0C91BC942}") = "GamePlaza", "client\GamePlaza\GamePlaza.vcxproj", "{2A4255D8-9D65-4B56-9775-79ECF6AF3040}"
EndProject
Project("{8BC9CEB8-8B4A-11D0-8D11-00A0C91BC942}") = "DownLoad", "client\DownLoad\DownLoad.vcxproj", "{84612527-DBB5-4A41-B4F3-554E8A2A6A28}"
EndProject
Project("{8BC9CEB8-8B4A-11D0-8D11-00A0C91BC942}") = "DDZC", "components\斗地主\游戏客户端\GameClient.vcxproj", "{F2D70F30-23FC-4973-A798-AED329359B33}"
EndProject
Project("{2150E333-8FDC-42A3-9474-1A3956D46DE8}") = "components", "components", "{1B900559-AD12-4096-B0BF-9698D0EABE4D}"
EndProject
Project("{8BC9CEB8-8B4A-11D0-8D11-00A0C91BC942}") = "DDZS", "components\斗地主\游戏服务器\GameServer.vcxproj", "{CA071FF5-97BF-42C3-99AF-FE8F8A0F0AF2}"
EndProject
Project("{2150E333-8FDC-42A3-9474-1A3956D46DE8}") = "DDZ", "DDZ", "{1953C9A5-0F59-4D28-BB79-4C42BD6B6DC2}"
EndProject
Project("{2150E333-8FDC-42A3-9474-1A3956D46DE8}") = "DZMJ", "DZMJ", "{3145D8B0-CD57-44F3-8884-8E75DADFEEAC}"
EndProject
Project("{8BC9CEB8-8B4A-11D0-8D11-00A0C91BC942}") = "DZMJS", "components\大众麻将\游戏服务器\GameServer.vcxproj", "{D32D66F1-76AF-4F4E-B66C-766F12A5FE9C}"
EndProject
Project("{8BC9CEB8-8B4A-11D0-8D11-00A0C91BC942}") = "DZMJC", "components\大众麻将\游戏客户端\GameClient.vcxproj", "{64FE6C5C-3B8E-413D-8FD2-2BC3B80EE74B}"
EndProject
Project("{2150E333-8FDC-42A3-9474-1A3956D46DE8}") = "mgame", "mgame", "{6FCD6D46-2A70-48EC-B6C4-5C3DBA44D339}"
EndProject
Project("{8BC9CEB8-8B4A-11D0-8D11-00A0C91BC942}") = "WZHSZ", "android\万州换三张\proj.win32\WZHSZ.vcxproj", "{B8BF9E81-35FD-4582-BA1C-B85FA365BABB}"
EndProject
Global
	GlobalSection(SolutionConfigurationPlatforms) = preSolution
		Admin_Release|Win32 = Admin_Release|Win32
		Debug|Win32 = Debug|Win32
		DebugVD|Win32 = DebugVD|Win32
		Release|Win32 = Release|Win32
		ReleaseVD|Win32 = ReleaseVD|Win32
	EndGlobalSection
	GlobalSection(ProjectConfigurationPlatforms) = postSolution
		{48A17E45-3F15-4ACC-92DE-DA57DA6C360B}.Admin_Release|Win32.ActiveCfg = Release|Win32
		{48A17E45-3F15-4ACC-92DE-DA57DA6C360B}.Admin_Release|Win32.Build.0 = Release|Win32
		{48A17E45-3F15-4ACC-92DE-DA57DA6C360B}.Debug|Win32.ActiveCfg = Debug|Win32
		{48A17E45-3F15-4ACC-92DE-DA57DA6C360B}.Debug|Win32.Build.0 = Debug|Win32
		{48A17E45-3F15-4ACC-92DE-DA57DA6C360B}.DebugVD|Win32.ActiveCfg = Debug|Win32
		{48A17E45-3F15-4ACC-92DE-DA57DA6C360B}.DebugVD|Win32.Build.0 = Debug|Win32
		{48A17E45-3F15-4ACC-92DE-DA57DA6C360B}.Release|Win32.ActiveCfg = Release|Win32
		{48A17E45-3F15-4ACC-92DE-DA57DA6C360B}.Release|Win32.Build.0 = Release|Win32
		{48A17E45-3F15-4ACC-92DE-DA57DA6C360B}.ReleaseVD|Win32.ActiveCfg = Release|Win32
		{48A17E45-3F15-4ACC-92DE-DA57DA6C360B}.ReleaseVD|Win32.Build.0 = Release|Win32
		{F5D6B929-08E3-43DA-9F39-941A859B3FD8}.Admin_Release|Win32.ActiveCfg = Admin_Release|Win32
		{F5D6B929-08E3-43DA-9F39-941A859B3FD8}.Admin_Release|Win32.Build.0 = Admin_Release|Win32
		{F5D6B929-08E3-43DA-9F39-941A859B3FD8}.Debug|Win32.ActiveCfg = Debug|Win32
		{F5D6B929-08E3-43DA-9F39-941A859B3FD8}.Debug|Win32.Build.0 = Debug|Win32
		{F5D6B929-08E3-43DA-9F39-941A859B3FD8}.DebugVD|Win32.ActiveCfg = Debug|Win32
		{F5D6B929-08E3-43DA-9F39-941A859B3FD8}.DebugVD|Win32.Build.0 = Debug|Win32
		{F5D6B929-08E3-43DA-9F39-941A859B3FD8}.Release|Win32.ActiveCfg = Release|Win32
		{F5D6B929-08E3-43DA-9F39-941A859B3FD8}.Release|Win32.Build.0 = Release|Win32
		{F5D6B929-08E3-43DA-9F39-941A859B3FD8}.ReleaseVD|Win32.ActiveCfg = Release|Win32
		{F5D6B929-08E3-43DA-9F39-941A859B3FD8}.ReleaseVD|Win32.Build.0 = Release|Win32
		{D1D26E10-3E7E-4A5D-B614-8E03ADC03F79}.Admin_Release|Win32.ActiveCfg = Release|Win32
		{D1D26E10-3E7E-4A5D-B614-8E03ADC03F79}.Admin_Release|Win32.Build.0 = Release|Win32
		{D1D26E10-3E7E-4A5D-B614-8E03ADC03F79}.Debug|Win32.ActiveCfg = Debug|Win32
		{D1D26E10-3E7E-4A5D-B614-8E03ADC03F79}.Debug|Win32.Build.0 = Debug|Win32
		{D1D26E10-3E7E-4A5D-B614-8E03ADC03F79}.DebugVD|Win32.ActiveCfg = Debug|Win32
		{D1D26E10-3E7E-4A5D-B614-8E03ADC03F79}.DebugVD|Win32.Build.0 = Debug|Win32
		{D1D26E10-3E7E-4A5D-B614-8E03ADC03F79}.Release|Win32.ActiveCfg = Release|Win32
		{D1D26E10-3E7E-4A5D-B614-8E03ADC03F79}.Release|Win32.Build.0 = Release|Win32
		{D1D26E10-3E7E-4A5D-B614-8E03ADC03F79}.ReleaseVD|Win32.ActiveCfg = Release|Win32
		{D1D26E10-3E7E-4A5D-B614-8E03ADC03F79}.ReleaseVD|Win32.Build.0 = Release|Win32
		{9DF6C624-2D4E-478F-B2CF-A956361A93FC}.Admin_Release|Win32.ActiveCfg = Release|Win32
		{9DF6C624-2D4E-478F-B2CF-A956361A93FC}.Admin_Release|Win32.Build.0 = Release|Win32
		{9DF6C624-2D4E-478F-B2CF-A956361A93FC}.Debug|Win32.ActiveCfg = Debug|Win32
		{9DF6C624-2D4E-478F-B2CF-A956361A93FC}.Debug|Win32.Build.0 = Debug|Win32
		{9DF6C624-2D4E-478F-B2CF-A956361A93FC}.DebugVD|Win32.ActiveCfg = Debug|Win32
		{9DF6C624-2D4E-478F-B2CF-A956361A93FC}.DebugVD|Win32.Build.0 = Debug|Win32
		{9DF6C624-2D4E-478F-B2CF-A956361A93FC}.Release|Win32.ActiveCfg = Release|Win32
		{9DF6C624-2D4E-478F-B2CF-A956361A93FC}.Release|Win32.Build.0 = Release|Win32
		{9DF6C624-2D4E-478F-B2CF-A956361A93FC}.ReleaseVD|Win32.ActiveCfg = Release|Win32
		{9DF6C624-2D4E-478F-B2CF-A956361A93FC}.ReleaseVD|Win32.Build.0 = Release|Win32
		{877DA7B2-2C4E-40A5-9F28-EC1BFD6DEAAD}.Admin_Release|Win32.ActiveCfg = Release|Win32
		{877DA7B2-2C4E-40A5-9F28-EC1BFD6DEAAD}.Admin_Release|Win32.Build.0 = Release|Win32
		{877DA7B2-2C4E-40A5-9F28-EC1BFD6DEAAD}.Debug|Win32.ActiveCfg = Debug|Win32
		{877DA7B2-2C4E-40A5-9F28-EC1BFD6DEAAD}.Debug|Win32.Build.0 = Debug|Win32
		{877DA7B2-2C4E-40A5-9F28-EC1BFD6DEAAD}.DebugVD|Win32.ActiveCfg = Debug|Win32
		{877DA7B2-2C4E-40A5-9F28-EC1BFD6DEAAD}.DebugVD|Win32.Build.0 = Debug|Win32
		{877DA7B2-2C4E-40A5-9F28-EC1BFD6DEAAD}.Release|Win32.ActiveCfg = Release|Win32
		{877DA7B2-2C4E-40A5-9F28-EC1BFD6DEAAD}.Release|Win32.Build.0 = Release|Win32
		{877DA7B2-2C4E-40A5-9F28-EC1BFD6DEAAD}.ReleaseVD|Win32.ActiveCfg = Release|Win32
		{877DA7B2-2C4E-40A5-9F28-EC1BFD6DEAAD}.ReleaseVD|Win32.Build.0 = Release|Win32
		{FEF1A495-AD07-4584-B4FB-044B4E003C3E}.Admin_Release|Win32.ActiveCfg = Release|Win32
		{FEF1A495-AD07-4584-B4FB-044B4E003C3E}.Admin_Release|Win32.Build.0 = Release|Win32
		{FEF1A495-AD07-4584-B4FB-044B4E003C3E}.Debug|Win32.ActiveCfg = Debug|Win32
		{FEF1A495-AD07-4584-B4FB-044B4E003C3E}.Debug|Win32.Build.0 = Debug|Win32
		{FEF1A495-AD07-4584-B4FB-044B4E003C3E}.DebugVD|Win32.ActiveCfg = Debug|Win32
		{FEF1A495-AD07-4584-B4FB-044B4E003C3E}.DebugVD|Win32.Build.0 = Debug|Win32
		{FEF1A495-AD07-4584-B4FB-044B4E003C3E}.Release|Win32.ActiveCfg = Release|Win32
		{FEF1A495-AD07-4584-B4FB-044B4E003C3E}.Release|Win32.Build.0 = Release|Win32
		{FEF1A495-AD07-4584-B4FB-044B4E003C3E}.ReleaseVD|Win32.ActiveCfg = Release|Win32
		{FEF1A495-AD07-4584-B4FB-044B4E003C3E}.ReleaseVD|Win32.Build.0 = Release|Win32
		{9D4508DE-DC73-4396-B6F7-A35F87F6BEE2}.Admin_Release|Win32.ActiveCfg = Release|Win32
		{9D4508DE-DC73-4396-B6F7-A35F87F6BEE2}.Admin_Release|Win32.Build.0 = Release|Win32
		{9D4508DE-DC73-4396-B6F7-A35F87F6BEE2}.Debug|Win32.ActiveCfg = Debug|Win32
		{9D4508DE-DC73-4396-B6F7-A35F87F6BEE2}.Debug|Win32.Build.0 = Debug|Win32
		{9D4508DE-DC73-4396-B6F7-A35F87F6BEE2}.DebugVD|Win32.ActiveCfg = Debug|Win32
		{9D4508DE-DC73-4396-B6F7-A35F87F6BEE2}.DebugVD|Win32.Build.0 = Debug|Win32
		{9D4508DE-DC73-4396-B6F7-A35F87F6BEE2}.Release|Win32.ActiveCfg = Release|Win32
		{9D4508DE-DC73-4396-B6F7-A35F87F6BEE2}.Release|Win32.Build.0 = Release|Win32
		{9D4508DE-DC73-4396-B6F7-A35F87F6BEE2}.ReleaseVD|Win32.ActiveCfg = Release|Win32
		{9D4508DE-DC73-4396-B6F7-A35F87F6BEE2}.ReleaseVD|Win32.Build.0 = Release|Win32
		{9580A9BA-2C2C-4359-852C-FD627732BF1D}.Admin_Release|Win32.ActiveCfg = Release|Win32
		{9580A9BA-2C2C-4359-852C-FD627732BF1D}.Admin_Release|Win32.Build.0 = Release|Win32
		{9580A9BA-2C2C-4359-852C-FD627732BF1D}.Debug|Win32.ActiveCfg = Debug|Win32
		{9580A9BA-2C2C-4359-852C-FD627732BF1D}.Debug|Win32.Build.0 = Debug|Win32
		{9580A9BA-2C2C-4359-852C-FD627732BF1D}.DebugVD|Win32.ActiveCfg = Debug|Win32
		{9580A9BA-2C2C-4359-852C-FD627732BF1D}.DebugVD|Win32.Build.0 = Debug|Win32
		{9580A9BA-2C2C-4359-852C-FD627732BF1D}.Release|Win32.ActiveCfg = Release|Win32
		{9580A9BA-2C2C-4359-852C-FD627732BF1D}.Release|Win32.Build.0 = Release|Win32
		{9580A9BA-2C2C-4359-852C-FD627732BF1D}.ReleaseVD|Win32.ActiveCfg = Release|Win32
		{9580A9BA-2C2C-4359-852C-FD627732BF1D}.ReleaseVD|Win32.Build.0 = Release|Win32
		{1C2AF6C9-6787-41D2-8281-BCCEFBB46768}.Admin_Release|Win32.ActiveCfg = Release|Win32
		{1C2AF6C9-6787-41D2-8281-BCCEFBB46768}.Admin_Release|Win32.Build.0 = Release|Win32
		{1C2AF6C9-6787-41D2-8281-BCCEFBB46768}.Debug|Win32.ActiveCfg = Debug|Win32
		{1C2AF6C9-6787-41D2-8281-BCCEFBB46768}.Debug|Win32.Build.0 = Debug|Win32
		{1C2AF6C9-6787-41D2-8281-BCCEFBB46768}.DebugVD|Win32.ActiveCfg = Debug|Win32
		{1C2AF6C9-6787-41D2-8281-BCCEFBB46768}.DebugVD|Win32.Build.0 = Debug|Win32
		{1C2AF6C9-6787-41D2-8281-BCCEFBB46768}.Release|Win32.ActiveCfg = Release|Win32
		{1C2AF6C9-6787-41D2-8281-BCCEFBB46768}.Release|Win32.Build.0 = Release|Win32
		{1C2AF6C9-6787-41D2-8281-BCCEFBB46768}.ReleaseVD|Win32.ActiveCfg = Release|Win32
		{1C2AF6C9-6787-41D2-8281-BCCEFBB46768}.ReleaseVD|Win32.Build.0 = Release|Win32
		{1E98C5E5-A9BF-46C7-B57D-559A56EAD344}.Admin_Release|Win32.ActiveCfg = Release|Win32
		{1E98C5E5-A9BF-46C7-B57D-559A56EAD344}.Admin_Release|Win32.Build.0 = Release|Win32
		{1E98C5E5-A9BF-46C7-B57D-559A56EAD344}.Debug|Win32.ActiveCfg = Debug|Win32
		{1E98C5E5-A9BF-46C7-B57D-559A56EAD344}.Debug|Win32.Build.0 = Debug|Win32
		{1E98C5E5-A9BF-46C7-B57D-559A56EAD344}.DebugVD|Win32.ActiveCfg = Debug|Win32
		{1E98C5E5-A9BF-46C7-B57D-559A56EAD344}.DebugVD|Win32.Build.0 = Debug|Win32
		{1E98C5E5-A9BF-46C7-B57D-559A56EAD344}.Release|Win32.ActiveCfg = Release|Win32
		{1E98C5E5-A9BF-46C7-B57D-559A56EAD344}.Release|Win32.Build.0 = Release|Win32
		{1E98C5E5-A9BF-46C7-B57D-559A56EAD344}.ReleaseVD|Win32.ActiveCfg = Release|Win32
		{1E98C5E5-A9BF-46C7-B57D-559A56EAD344}.ReleaseVD|Win32.Build.0 = Release|Win32
		{8CE76226-A39A-465A-9F91-BD20607AF671}.Admin_Release|Win32.ActiveCfg = Release|Win32
		{8CE76226-A39A-465A-9F91-BD20607AF671}.Admin_Release|Win32.Build.0 = Release|Win32
		{8CE76226-A39A-465A-9F91-BD20607AF671}.Debug|Win32.ActiveCfg = Debug|Win32
		{8CE76226-A39A-465A-9F91-BD20607AF671}.Debug|Win32.Build.0 = Debug|Win32
		{8CE76226-A39A-465A-9F91-BD20607AF671}.DebugVD|Win32.ActiveCfg = Debug|Win32
		{8CE76226-A39A-465A-9F91-BD20607AF671}.DebugVD|Win32.Build.0 = Debug|Win32
		{8CE76226-A39A-465A-9F91-BD20607AF671}.Release|Win32.ActiveCfg = Release|Win32
		{8CE76226-A39A-465A-9F91-BD20607AF671}.Release|Win32.Build.0 = Release|Win32
		{8CE76226-A39A-465A-9F91-BD20607AF671}.ReleaseVD|Win32.ActiveCfg = Release|Win32
		{8CE76226-A39A-465A-9F91-BD20607AF671}.ReleaseVD|Win32.Build.0 = Release|Win32
		{D6452141-70F6-4857-8D60-AF2485F75A40}.Admin_Release|Win32.ActiveCfg = Release|Win32
		{D6452141-70F6-4857-8D60-AF2485F75A40}.Admin_Release|Win32.Build.0 = Release|Win32
		{D6452141-70F6-4857-8D60-AF2485F75A40}.Debug|Win32.ActiveCfg = Debug|Win32
		{D6452141-70F6-4857-8D60-AF2485F75A40}.Debug|Win32.Build.0 = Debug|Win32
		{D6452141-70F6-4857-8D60-AF2485F75A40}.DebugVD|Win32.ActiveCfg = Debug|Win32
		{D6452141-70F6-4857-8D60-AF2485F75A40}.DebugVD|Win32.Build.0 = Debug|Win32
		{D6452141-70F6-4857-8D60-AF2485F75A40}.Release|Win32.ActiveCfg = Release|Win32
		{D6452141-70F6-4857-8D60-AF2485F75A40}.Release|Win32.Build.0 = Release|Win32
		{D6452141-70F6-4857-8D60-AF2485F75A40}.ReleaseVD|Win32.ActiveCfg = Release|Win32
		{D6452141-70F6-4857-8D60-AF2485F75A40}.ReleaseVD|Win32.Build.0 = Release|Win32
		{3BA56C8D-483F-4FAF-8EB6-716D05293A0B}.Admin_Release|Win32.ActiveCfg = Release|Win32
		{3BA56C8D-483F-4FAF-8EB6-716D05293A0B}.Admin_Release|Win32.Build.0 = Release|Win32
		{3BA56C8D-483F-4FAF-8EB6-716D05293A0B}.Debug|Win32.ActiveCfg = Debug|Win32
		{3BA56C8D-483F-4FAF-8EB6-716D05293A0B}.Debug|Win32.Build.0 = Debug|Win32
		{3BA56C8D-483F-4FAF-8EB6-716D05293A0B}.DebugVD|Win32.ActiveCfg = Debug|Win32
		{3BA56C8D-483F-4FAF-8EB6-716D05293A0B}.DebugVD|Win32.Build.0 = Debug|Win32
		{3BA56C8D-483F-4FAF-8EB6-716D05293A0B}.Release|Win32.ActiveCfg = Release|Win32
		{3BA56C8D-483F-4FAF-8EB6-716D05293A0B}.Release|Win32.Build.0 = Release|Win32
		{3BA56C8D-483F-4FAF-8EB6-716D05293A0B}.ReleaseVD|Win32.ActiveCfg = Release|Win32
		{3BA56C8D-483F-4FAF-8EB6-716D05293A0B}.ReleaseVD|Win32.Build.0 = Release|Win32
		{47336C1F-6B34-4512-B00B-7F0FA2A74565}.Admin_Release|Win32.ActiveCfg = Release|Win32
		{47336C1F-6B34-4512-B00B-7F0FA2A74565}.Admin_Release|Win32.Build.0 = Release|Win32
		{47336C1F-6B34-4512-B00B-7F0FA2A74565}.Debug|Win32.ActiveCfg = Debug|Win32
		{47336C1F-6B34-4512-B00B-7F0FA2A74565}.Debug|Win32.Build.0 = Debug|Win32
		{47336C1F-6B34-4512-B00B-7F0FA2A74565}.DebugVD|Win32.ActiveCfg = Debug|Win32
		{47336C1F-6B34-4512-B00B-7F0FA2A74565}.DebugVD|Win32.Build.0 = Debug|Win32
		{47336C1F-6B34-4512-B00B-7F0FA2A74565}.Release|Win32.ActiveCfg = Release|Win32
		{47336C1F-6B34-4512-B00B-7F0FA2A74565}.Release|Win32.Build.0 = Release|Win32
		{47336C1F-6B34-4512-B00B-7F0FA2A74565}.ReleaseVD|Win32.ActiveCfg = Release|Win32
		{47336C1F-6B34-4512-B00B-7F0FA2A74565}.ReleaseVD|Win32.Build.0 = Release|Win32
		{0D9684CE-A441-4D80-B449-C3AE8281C93B}.Admin_Release|Win32.ActiveCfg = Release|Win32
		{0D9684CE-A441-4D80-B449-C3AE8281C93B}.Admin_Release|Win32.Build.0 = Release|Win32
		{0D9684CE-A441-4D80-B449-C3AE8281C93B}.Debug|Win32.ActiveCfg = Debug|Win32
		{0D9684CE-A441-4D80-B449-C3AE8281C93B}.Debug|Win32.Build.0 = Debug|Win32
		{0D9684CE-A441-4D80-B449-C3AE8281C93B}.DebugVD|Win32.ActiveCfg = Debug|Win32
		{0D9684CE-A441-4D80-B449-C3AE8281C93B}.DebugVD|Win32.Build.0 = Debug|Win32
		{0D9684CE-A441-4D80-B449-C3AE8281C93B}.Release|Win32.ActiveCfg = Release|Win32
		{0D9684CE-A441-4D80-B449-C3AE8281C93B}.Release|Win32.Build.0 = Release|Win32
		{0D9684CE-A441-4D80-B449-C3AE8281C93B}.ReleaseVD|Win32.ActiveCfg = Release|Win32
		{0D9684CE-A441-4D80-B449-C3AE8281C93B}.ReleaseVD|Win32.Build.0 = Release|Win32
		{C2D6B50F-273E-4437-AE5C-9F0E4FD962B0}.Admin_Release|Win32.ActiveCfg = Release|Win32
		{C2D6B50F-273E-4437-AE5C-9F0E4FD962B0}.Admin_Release|Win32.Build.0 = Release|Win32
		{C2D6B50F-273E-4437-AE5C-9F0E4FD962B0}.Debug|Win32.ActiveCfg = Debug|Win32
		{C2D6B50F-273E-4437-AE5C-9F0E4FD962B0}.Debug|Win32.Build.0 = Debug|Win32
		{C2D6B50F-273E-4437-AE5C-9F0E4FD962B0}.DebugVD|Win32.ActiveCfg = Debug|Win32
		{C2D6B50F-273E-4437-AE5C-9F0E4FD962B0}.DebugVD|Win32.Build.0 = Debug|Win32
		{C2D6B50F-273E-4437-AE5C-9F0E4FD962B0}.Release|Win32.ActiveCfg = Release|Win32
		{C2D6B50F-273E-4437-AE5C-9F0E4FD962B0}.Release|Win32.Build.0 = Release|Win32
		{C2D6B50F-273E-4437-AE5C-9F0E4FD962B0}.ReleaseVD|Win32.ActiveCfg = Release|Win32
		{C2D6B50F-273E-4437-AE5C-9F0E4FD962B0}.ReleaseVD|Win32.Build.0 = Release|Win32
		{974DE662-8429-45CB-8497-0E460405D84C}.Admin_Release|Win32.ActiveCfg = Release|Win32
		{974DE662-8429-45CB-8497-0E460405D84C}.Admin_Release|Win32.Build.0 = Release|Win32
		{974DE662-8429-45CB-8497-0E460405D84C}.Debug|Win32.ActiveCfg = Debug|Win32
		{974DE662-8429-45CB-8497-0E460405D84C}.Debug|Win32.Build.0 = Debug|Win32
		{974DE662-8429-45CB-8497-0E460405D84C}.DebugVD|Win32.ActiveCfg = Debug|Win32
		{974DE662-8429-45CB-8497-0E460405D84C}.DebugVD|Win32.Build.0 = Debug|Win32
		{974DE662-8429-45CB-8497-0E460405D84C}.Release|Win32.ActiveCfg = Release|Win32
		{974DE662-8429-45CB-8497-0E460405D84C}.Release|Win32.Build.0 = Release|Win32
		{974DE662-8429-45CB-8497-0E460405D84C}.ReleaseVD|Win32.ActiveCfg = Release|Win32
		{974DE662-8429-45CB-8497-0E460405D84C}.ReleaseVD|Win32.Build.0 = Release|Win32
		{43AEAD92-A098-44B9-9CCF-61AB672D2098}.Admin_Release|Win32.ActiveCfg = Release|Win32
		{43AEAD92-A098-44B9-9CCF-61AB672D2098}.Admin_Release|Win32.Build.0 = Release|Win32
		{43AEAD92-A098-44B9-9CCF-61AB672D2098}.Debug|Win32.ActiveCfg = Debug|Win32
		{43AEAD92-A098-44B9-9CCF-61AB672D2098}.Debug|Win32.Build.0 = Debug|Win32
		{43AEAD92-A098-44B9-9CCF-61AB672D2098}.DebugVD|Win32.ActiveCfg = Debug|Win32
		{43AEAD92-A098-44B9-9CCF-61AB672D2098}.DebugVD|Win32.Build.0 = Debug|Win32
		{43AEAD92-A098-44B9-9CCF-61AB672D2098}.Release|Win32.ActiveCfg = Release|Win32
		{43AEAD92-A098-44B9-9CCF-61AB672D2098}.Release|Win32.Build.0 = Release|Win32
		{43AEAD92-A098-44B9-9CCF-61AB672D2098}.ReleaseVD|Win32.ActiveCfg = Release|Win32
		{43AEAD92-A098-44B9-9CCF-61AB672D2098}.ReleaseVD|Win32.Build.0 = Release|Win32
		{2A4255D8-9D65-4B56-9775-79ECF6AF3040}.Admin_Release|Win32.ActiveCfg = Admin_Release|Win32
		{2A4255D8-9D65-4B56-9775-79ECF6AF3040}.Admin_Release|Win32.Build.0 = Admin_Release|Win32
		{2A4255D8-9D65-4B56-9775-79ECF6AF3040}.Debug|Win32.ActiveCfg = Debug|Win32
		{2A4255D8-9D65-4B56-9775-79ECF6AF3040}.Debug|Win32.Build.0 = Debug|Win32
		{2A4255D8-9D65-4B56-9775-79ECF6AF3040}.DebugVD|Win32.ActiveCfg = Debug|Win32
		{2A4255D8-9D65-4B56-9775-79ECF6AF3040}.DebugVD|Win32.Build.0 = Debug|Win32
		{2A4255D8-9D65-4B56-9775-79ECF6AF3040}.Release|Win32.ActiveCfg = Release|Win32
		{2A4255D8-9D65-4B56-9775-79ECF6AF3040}.Release|Win32.Build.0 = Release|Win32
		{2A4255D8-9D65-4B56-9775-79ECF6AF3040}.ReleaseVD|Win32.ActiveCfg = Release|Win32
		{2A4255D8-9D65-4B56-9775-79ECF6AF3040}.ReleaseVD|Win32.Build.0 = Release|Win32
		{84612527-DBB5-4A41-B4F3-554E8A2A6A28}.Admin_Release|Win32.ActiveCfg = Release|Win32
		{84612527-DBB5-4A41-B4F3-554E8A2A6A28}.Admin_Release|Win32.Build.0 = Release|Win32
		{84612527-DBB5-4A41-B4F3-554E8A2A6A28}.Debug|Win32.ActiveCfg = Debug|Win32
		{84612527-DBB5-4A41-B4F3-554E8A2A6A28}.Debug|Win32.Build.0 = Debug|Win32
		{84612527-DBB5-4A41-B4F3-554E8A2A6A28}.DebugVD|Win32.ActiveCfg = Debug|Win32
		{84612527-DBB5-4A41-B4F3-554E8A2A6A28}.DebugVD|Win32.Build.0 = Debug|Win32
		{84612527-DBB5-4A41-B4F3-554E8A2A6A28}.Release|Win32.ActiveCfg = Release|Win32
		{84612527-DBB5-4A41-B4F3-554E8A2A6A28}.Release|Win32.Build.0 = Release|Win32
		{84612527-DBB5-4A41-B4F3-554E8A2A6A28}.ReleaseVD|Win32.ActiveCfg = Release|Win32
		{84612527-DBB5-4A41-B4F3-554E8A2A6A28}.ReleaseVD|Win32.Build.0 = Release|Win32
		{F2D70F30-23FC-4973-A798-AED329359B33}.Admin_Release|Win32.ActiveCfg = Release|Win32
		{F2D70F30-23FC-4973-A798-AED329359B33}.Admin_Release|Win32.Build.0 = Release|Win32
		{F2D70F30-23FC-4973-A798-AED329359B33}.Debug|Win32.ActiveCfg = Debug|Win32
		{F2D70F30-23FC-4973-A798-AED329359B33}.Debug|Win32.Build.0 = Debug|Win32
		{F2D70F30-23FC-4973-A798-AED329359B33}.DebugVD|Win32.ActiveCfg = DebugVD|Win32
		{F2D70F30-23FC-4973-A798-AED329359B33}.DebugVD|Win32.Build.0 = DebugVD|Win32
		{F2D70F30-23FC-4973-A798-AED329359B33}.Release|Win32.ActiveCfg = Release|Win32
		{F2D70F30-23FC-4973-A798-AED329359B33}.Release|Win32.Build.0 = Release|Win32
		{F2D70F30-23FC-4973-A798-AED329359B33}.ReleaseVD|Win32.ActiveCfg = ReleaseVD|Win32
		{F2D70F30-23FC-4973-A798-AED329359B33}.ReleaseVD|Win32.Build.0 = ReleaseVD|Win32
		{CA071FF5-97BF-42C3-99AF-FE8F8A0F0AF2}.Admin_Release|Win32.ActiveCfg = Release|Win32
		{CA071FF5-97BF-42C3-99AF-FE8F8A0F0AF2}.Admin_Release|Win32.Build.0 = Release|Win32
		{CA071FF5-97BF-42C3-99AF-FE8F8A0F0AF2}.Debug|Win32.ActiveCfg = Debug|Win32
		{CA071FF5-97BF-42C3-99AF-FE8F8A0F0AF2}.Debug|Win32.Build.0 = Debug|Win32
		{CA071FF5-97BF-42C3-99AF-FE8F8A0F0AF2}.DebugVD|Win32.ActiveCfg = DebugVD|Win32
		{CA071FF5-97BF-42C3-99AF-FE8F8A0F0AF2}.DebugVD|Win32.Build.0 = DebugVD|Win32
		{CA071FF5-97BF-42C3-99AF-FE8F8A0F0AF2}.Release|Win32.ActiveCfg = Release|Win32
		{CA071FF5-97BF-42C3-99AF-FE8F8A0F0AF2}.Release|Win32.Build.0 = Release|Win32
		{CA071FF5-97BF-42C3-99AF-FE8F8A0F0AF2}.ReleaseVD|Win32.ActiveCfg = ReleaseVD|Win32
		{CA071FF5-97BF-42C3-99AF-FE8F8A0F0AF2}.ReleaseVD|Win32.Build.0 = ReleaseVD|Win32
		{D32D66F1-76AF-4F4E-B66C-766F12A5FE9C}.Admin_Release|Win32.ActiveCfg = Release|Win32
		{D32D66F1-76AF-4F4E-B66C-766F12A5FE9C}.Admin_Release|Win32.Build.0 = Release|Win32
		{D32D66F1-76AF-4F4E-B66C-766F12A5FE9C}.Debug|Win32.ActiveCfg = Debug|Win32
		{D32D66F1-76AF-4F4E-B66C-766F12A5FE9C}.Debug|Win32.Build.0 = Debug|Win32
		{D32D66F1-76AF-4F4E-B66C-766F12A5FE9C}.DebugVD|Win32.ActiveCfg = Debug|Win32
		{D32D66F1-76AF-4F4E-B66C-766F12A5FE9C}.DebugVD|Win32.Build.0 = Debug|Win32
		{D32D66F1-76AF-4F4E-B66C-766F12A5FE9C}.Release|Win32.ActiveCfg = Release|Win32
		{D32D66F1-76AF-4F4E-B66C-766F12A5FE9C}.Release|Win32.Build.0 = Release|Win32
		{D32D66F1-76AF-4F4E-B66C-766F12A5FE9C}.ReleaseVD|Win32.ActiveCfg = Release|Win32
		{D32D66F1-76AF-4F4E-B66C-766F12A5FE9C}.ReleaseVD|Win32.Build.0 = Release|Win32
		{64FE6C5C-3B8E-413D-8FD2-2BC3B80EE74B}.Admin_Release|Win32.ActiveCfg = Release|Win32
		{64FE6C5C-3B8E-413D-8FD2-2BC3B80EE74B}.Admin_Release|Win32.Build.0 = Release|Win32
		{64FE6C5C-3B8E-413D-8FD2-2BC3B80EE74B}.Debug|Win32.ActiveCfg = Debug|Win32
		{64FE6C5C-3B8E-413D-8FD2-2BC3B80EE74B}.Debug|Win32.Build.0 = Debug|Win32
		{64FE6C5C-3B8E-413D-8FD2-2BC3B80EE74B}.DebugVD|Win32.ActiveCfg = Debug|Win32
		{64FE6C5C-3B8E-413D-8FD2-2BC3B80EE74B}.DebugVD|Win32.Build.0 = Debug|Win32
		{64FE6C5C-3B8E-413D-8FD2-2BC3B80EE74B}.Release|Win32.ActiveCfg = Release|Win32
		{64FE6C5C-3B8E-413D-8FD2-2BC3B80EE74B}.Release|Win32.Build.0 = Release|Win32
		{64FE6C5C-3B8E-413D-8FD2-2BC3B80EE74B}.ReleaseVD|Win32.ActiveCfg = Release|Win32
		{64FE6C5C-3B8E-413D-8FD2-2BC3B80EE74B}.ReleaseVD|Win32.Build.0 = Release|Win32
		{B8BF9E81-35FD-4582-BA1C-B85FA365BABB}.Admin_Release|Win32.ActiveCfg = Release|Win32
		{B8BF9E81-35FD-4582-BA1C-B85FA365BABB}.Admin_Release|Win32.Build.0 = Release|Win32
		{B8BF9E81-35FD-4582-BA1C-B85FA365BABB}.Debug|Win32.ActiveCfg = Debug|Win32
		{B8BF9E81-35FD-4582-BA1C-B85FA365BABB}.Debug|Win32.Build.0 = Debug|Win32
		{B8BF9E81-35FD-4582-BA1C-B85FA365BABB}.DebugVD|Win32.ActiveCfg = Debug|Win32
		{B8BF9E81-35FD-4582-BA1C-B85FA365BABB}.DebugVD|Win32.Build.0 = Debug|Win32
		{B8BF9E81-35FD-4582-BA1C-B85FA365BABB}.Release|Win32.ActiveCfg = Release|Win32
		{B8BF9E81-35FD-4582-BA1C-B85FA365BABB}.Release|Win32.Build.0 = Release|Win32
		{B8BF9E81-35FD-4582-BA1C-B85FA365BABB}.ReleaseVD|Win32.ActiveCfg = Release|Win32
		{B8BF9E81-35FD-4582-BA1C-B85FA365BABB}.ReleaseVD|Win32.Build.0 = Release|Win32
	EndGlobalSection
	GlobalSection(SolutionProperties) = preSolution
		HideSolutionNode = FALSE
	EndGlobalSection
	GlobalSection(NestedProjects) = preSolution
		{48A17E45-3F15-4ACC-92DE-DA57DA6C360B} = {F5DA01B8-E06A-4E4F-85A1-5972C22842FA}
		{47336C1F-6B34-4512-B00B-7F0FA2A74565} = {F5DA01B8-E06A-4E4F-85A1-5972C22842FA}
		{00DE3D9B-0CD8-4E39-A40A-690C13145B7E} = {77B0F024-3BCC-425A-8B9E-32F520F80944}
		{4A015EF9-01E9-4F42-95F2-40048DFE2970} = {77B0F024-3BCC-425A-8B9E-32F520F80944}
		{877DA7B2-2C4E-40A5-9F28-EC1BFD6DEAAD} = {00DE3D9B-0CD8-4E39-A40A-690C13145B7E}
		{FEF1A495-AD07-4584-B4FB-044B4E003C3E} = {00DE3D9B-0CD8-4E39-A40A-690C13145B7E}
		{F5D6B929-08E3-43DA-9F39-941A859B3FD8} = {00DE3D9B-0CD8-4E39-A40A-690C13145B7E}
		{9DF6C624-2D4E-478F-B2CF-A956361A93FC} = {4A015EF9-01E9-4F42-95F2-40048DFE2970}
		{9D4508DE-DC73-4396-B6F7-A35F87F6BEE2} = {4A015EF9-01E9-4F42-95F2-40048DFE2970}
		{D1D26E10-3E7E-4A5D-B614-8E03ADC03F79} = {4A015EF9-01E9-4F42-95F2-40048DFE2970}
		{FAC2E685-7713-43EF-B4A3-F46D215A9DA2} = {EFCC878D-D91A-4CA5-861A-0D03A488859C}
		{469297A5-B19D-466E-9D0F-53D95EDE2C58} = {EFCC878D-D91A-4CA5-861A-0D03A488859C}
		{1C2AF6C9-6787-41D2-8281-BCCEFBB46768} = {FAC2E685-7713-43EF-B4A3-F46D215A9DA2}
		{9580A9BA-2C2C-4359-852C-FD627732BF1D} = {FAC2E685-7713-43EF-B4A3-F46D215A9DA2}
		{1E98C5E5-A9BF-46C7-B57D-559A56EAD344} = {FAC2E685-7713-43EF-B4A3-F46D215A9DA2}
		{D6452141-70F6-4857-8D60-AF2485F75A40} = {469297A5-B19D-466E-9D0F-53D95EDE2C58}
		{3BA56C8D-483F-4FAF-8EB6-716D05293A0B} = {469297A5-B19D-466E-9D0F-53D95EDE2C58}
		{0D9684CE-A441-4D80-B449-C3AE8281C93B} = {469297A5-B19D-466E-9D0F-53D95EDE2C58}
		{C2D6B50F-273E-4437-AE5C-9F0E4FD962B0} = {469297A5-B19D-466E-9D0F-53D95EDE2C58}
		{8CE76226-A39A-465A-9F91-BD20607AF671} = {469297A5-B19D-466E-9D0F-53D95EDE2C58}
		{974DE662-8429-45CB-8497-0E460405D84C} = {469297A5-B19D-466E-9D0F-53D95EDE2C58}
		{43AEAD92-A098-44B9-9CCF-61AB672D2098} = {469297A5-B19D-466E-9D0F-53D95EDE2C58}
		{2A4255D8-9D65-4B56-9775-79ECF6AF3040} = {469297A5-B19D-466E-9D0F-53D95EDE2C58}
		{84612527-DBB5-4A41-B4F3-554E8A2A6A28} = {469297A5-B19D-466E-9D0F-53D95EDE2C58}
		{1953C9A5-0F59-4D28-BB79-4C42BD6B6DC2} = {1B900559-AD12-4096-B0BF-9698D0EABE4D}
		{3145D8B0-CD57-44F3-8884-8E75DADFEEAC} = {1B900559-AD12-4096-B0BF-9698D0EABE4D}
		{CA071FF5-97BF-42C3-99AF-FE8F8A0F0AF2} = {1953C9A5-0F59-4D28-BB79-4C42BD6B6DC2}
		{F2D70F30-23FC-4973-A798-AED329359B33} = {1953C9A5-0F59-4D28-BB79-4C42BD6B6DC2}
		{D32D66F1-76AF-4F4E-B66C-766F12A5FE9C} = {3145D8B0-CD57-44F3-8884-8E75DADFEEAC}
		{64FE6C5C-3B8E-413D-8FD2-2BC3B80EE74B} = {3145D8B0-CD57-44F3-8884-8E75DADFEEAC}
		{B8BF9E81-35FD-4582-BA1C-B85FA365BABB} = {6FCD6D46-2A70-48EC-B6C4-5C3DBA44D339}
	EndGlobalSection
EndGlobal
